
Microsoft Visual Studio Solution File, Format Version 12.00
# Visual Studio 15
VisualStudioVersion = 15.0.27428.2043
MinimumVisualStudioVersion = 10.0.40219.1
Project("{8BC9CEB8-8B4A-11D0-8D11-00A0C91BC942}") = "Project1", "Project1\Project1.vcxproj", "{160960F4-A13D-4A2E-A75A-EE4DCBAC22FE}"
EndProject
Global
	GlobalSection(SolutionConfigurationPlatforms) = preSolution
		Debug|x64 = Debug|x64
		Debug|x86 = Debug|x86
		Release|x64 = Release|x64
		Release|x86 = Release|x86
	EndGlobalSection
	GlobalSection(ProjectConfigurationPlatforms) = postSolution
		{160960F4-A13D-4A2E-A75A-EE4DCBAC22FE}.Debug|x64.ActiveCfg = Debug|x64
		{160960F4-A13D-4A2E-A75A-EE4DCBAC22FE}.Debug|x64.Build.0 = Debug|x64
		{160960F4-A13D-4A2E-A75A-EE4DCBAC22FE}.Debug|x86.ActiveCfg = Debug|Win32
		{160960F4-A13D-4A2E-A75A-EE4DCBAC22FE}.Debug|x86.Build.0 = Debug|Win32
		{160960F4-A13D-4A2E-A75A-EE4DCBAC22FE}.Release|x64.ActiveCfg = Release|x64
		{160960F4-A13D-4A2E-A75A-EE4DCBAC22FE}.Release|x64.Build.0 = Release|x64
		{160960F4-A13D-4A2E-A75A-EE4DCBAC22FE}.Release|x86.ActiveCfg = Release|Win32
		{160960F4-A13D-4A2E-A75A-EE4DCBAC22FE}.Release|x86.Build.0 = Release|Win32
	EndGlobalSection
	GlobalSection(SolutionProperties) = preSolution
		HideSolutionNode = FALSE
	EndGlobalSection
	GlobalSection(ExtensibilityGlobals) = postSolution
		SolutionGuid = {076E6B83-9E0C-4F70-8E82-BC98E6BC297C}
	EndGlobalSection
EndGlobal
