
Microsoft Visual Studio Solution File, Format Version 12.00
# Visual Studio 15
VisualStudioVersion = 15.0.27428.2043
MinimumVisualStudioVersion = 10.0.40219.1
Project("{8BC9CEB8-8B4A-11D0-8D11-00A0C91BC942}") = "new_pointer1", "new_pointer1\new_pointer1.vcxproj", "{946A3FBF-4BD3-4A08-B887-FB33EF2249A8}"
EndProject
Global
	GlobalSection(SolutionConfigurationPlatforms) = preSolution
		Debug|x64 = Debug|x64
		Debug|x86 = Debug|x86
		Release|x64 = Release|x64
		Release|x86 = Release|x86
	EndGlobalSection
	GlobalSection(ProjectConfigurationPlatforms) = postSolution
		{946A3FBF-4BD3-4A08-B887-FB33EF2249A8}.Debug|x64.ActiveCfg = Debug|x64
		{946A3FBF-4BD3-4A08-B887-FB33EF2249A8}.Debug|x64.Build.0 = Debug|x64
		{946A3FBF-4BD3-4A08-B887-FB33EF2249A8}.Debug|x86.ActiveCfg = Debug|Win32
		{946A3FBF-4BD3-4A08-B887-FB33EF2249A8}.Debug|x86.Build.0 = Debug|Win32
		{946A3FBF-4BD3-4A08-B887-FB33EF2249A8}.Release|x64.ActiveCfg = Release|x64
		{946A3FBF-4BD3-4A08-B887-FB33EF2249A8}.Release|x64.Build.0 = Release|x64
		{946A3FBF-4BD3-4A08-B887-FB33EF2249A8}.Release|x86.ActiveCfg = Release|Win32
		{946A3FBF-4BD3-4A08-B887-FB33EF2249A8}.Release|x86.Build.0 = Release|Win32
	EndGlobalSection
	GlobalSection(SolutionProperties) = preSolution
		HideSolutionNode = FALSE
	EndGlobalSection
	GlobalSection(ExtensibilityGlobals) = postSolution
		SolutionGuid = {E9AF85E7-4746-4A4A-A384-4DCDCB12AAF0}
	EndGlobalSection
EndGlobal
