
Microsoft Visual Studio Solution File, Format Version 12.00
# Visual Studio 15
VisualStudioVersion = 15.0.27428.2043
MinimumVisualStudioVersion = 10.0.40219.1
Project("{8BC9CEB8-8B4A-11D0-8D11-00A0C91BC942}") = "Project1", "Project1\Project1.vcxproj", "{E07E8314-F985-45B4-8648-E791F1A00272}"
EndProject
Global
	GlobalSection(SolutionConfigurationPlatforms) = preSolution
		Debug|x64 = Debug|x64
		Debug|x86 = Debug|x86
		Release|x64 = Release|x64
		Release|x86 = Release|x86
	EndGlobalSection
	GlobalSection(ProjectConfigurationPlatforms) = postSolution
		{E07E8314-F985-45B4-8648-E791F1A00272}.Debug|x64.ActiveCfg = Debug|x64
		{E07E8314-F985-45B4-8648-E791F1A00272}.Debug|x64.Build.0 = Debug|x64
		{E07E8314-F985-45B4-8648-E791F1A00272}.Debug|x86.ActiveCfg = Debug|Win32
		{E07E8314-F985-45B4-8648-E791F1A00272}.Debug|x86.Build.0 = Debug|Win32
		{E07E8314-F985-45B4-8648-E791F1A00272}.Release|x64.ActiveCfg = Release|x64
		{E07E8314-F985-45B4-8648-E791F1A00272}.Release|x64.Build.0 = Release|x64
		{E07E8314-F985-45B4-8648-E791F1A00272}.Release|x86.ActiveCfg = Release|Win32
		{E07E8314-F985-45B4-8648-E791F1A00272}.Release|x86.Build.0 = Release|Win32
	EndGlobalSection
	GlobalSection(SolutionProperties) = preSolution
		HideSolutionNode = FALSE
	EndGlobalSection
	GlobalSection(ExtensibilityGlobals) = postSolution
		SolutionGuid = {2822D975-D8B9-4053-A29D-1F822054FAC7}
	EndGlobalSection
EndGlobal
