
Microsoft Visual Studio Solution File, Format Version 12.00
# Visual Studio 15
VisualStudioVersion = 15.0.27428.2043
MinimumVisualStudioVersion = 10.0.40219.1
Project("{8BC9CEB8-8B4A-11D0-8D11-00A0C91BC942}") = "Project1", "Project1\Project1.vcxproj", "{2FA94BF8-49C7-4203-AB00-483757457555}"
EndProject
Global
	GlobalSection(SolutionConfigurationPlatforms) = preSolution
		Debug|x64 = Debug|x64
		Debug|x86 = Debug|x86
		Release|x64 = Release|x64
		Release|x86 = Release|x86
	EndGlobalSection
	GlobalSection(ProjectConfigurationPlatforms) = postSolution
		{2FA94BF8-49C7-4203-AB00-483757457555}.Debug|x64.ActiveCfg = Debug|x64
		{2FA94BF8-49C7-4203-AB00-483757457555}.Debug|x64.Build.0 = Debug|x64
		{2FA94BF8-49C7-4203-AB00-483757457555}.Debug|x86.ActiveCfg = Debug|Win32
		{2FA94BF8-49C7-4203-AB00-483757457555}.Debug|x86.Build.0 = Debug|Win32
		{2FA94BF8-49C7-4203-AB00-483757457555}.Release|x64.ActiveCfg = Release|x64
		{2FA94BF8-49C7-4203-AB00-483757457555}.Release|x64.Build.0 = Release|x64
		{2FA94BF8-49C7-4203-AB00-483757457555}.Release|x86.ActiveCfg = Release|Win32
		{2FA94BF8-49C7-4203-AB00-483757457555}.Release|x86.Build.0 = Release|Win32
	EndGlobalSection
	GlobalSection(SolutionProperties) = preSolution
		HideSolutionNode = FALSE
	EndGlobalSection
	GlobalSection(ExtensibilityGlobals) = postSolution
		SolutionGuid = {0228696B-09BE-4B76-A2A2-97C687AF6228}
	EndGlobalSection
EndGlobal
